
Microsoft Visual Studio Solution File, Format Version 12.00
Project("{FAE04EC0-301F-11D3-BF4B-00C04F79EFBC}") = "RV.Web", "RV.Web\RV.Web.csproj", "{41EBE52A-FEE9-4D85-89B7-335BD49FC60D}"
EndProject
Project("{FAE04EC0-301F-11D3-BF4B-00C04F79EFBC}") = "RV.Model", "RV.Model\RV.Model.csproj", "{81EF1761-C67C-40C1-8E5A-D503B43A6317}"
EndProject
Global
	GlobalSection(SolutionConfigurationPlatforms) = preSolution
		Debug|Any CPU = Debug|Any CPU
		Release|Any CPU = Release|Any CPU
	EndGlobalSection
	GlobalSection(ProjectConfigurationPlatforms) = postSolution
		{41EBE52A-FEE9-4D85-89B7-335BD49FC60D}.Debug|Any CPU.ActiveCfg = Debug|Any CPU
		{41EBE52A-FEE9-4D85-89B7-335BD49FC60D}.Debug|Any CPU.Build.0 = Debug|Any CPU
		{41EBE52A-FEE9-4D85-89B7-335BD49FC60D}.Release|Any CPU.ActiveCfg = Release|Any CPU
		{41EBE52A-FEE9-4D85-89B7-335BD49FC60D}.Release|Any CPU.Build.0 = Release|Any CPU
		{81EF1761-C67C-40C1-8E5A-D503B43A6317}.Debug|Any CPU.ActiveCfg = Debug|Any CPU
		{81EF1761-C67C-40C1-8E5A-D503B43A6317}.Debug|Any CPU.Build.0 = Debug|Any CPU
		{81EF1761-C67C-40C1-8E5A-D503B43A6317}.Release|Any CPU.ActiveCfg = Release|Any CPU
		{81EF1761-C67C-40C1-8E5A-D503B43A6317}.Release|Any CPU.Build.0 = Release|Any CPU
	EndGlobalSection
EndGlobal
